# THIS IS AN AUTOGENERATED FILE. DO NOT EDIT THIS FILE DIRECTLY.
# yarn lockfile v1


"@types/screeps@^3.2.1":
  version "3.2.1"
  resolved "https://registry.yarnpkg.com/@types/screeps/-/screeps-3.2.1.tgz#e131f9da2d401cf7a314ede6edbee3fb85354162"
  integrity sha512-5xTVk0lyhzQ8VrcLLbBkWcnM9OrDZGfu0HgI1MUg3+oc45h5xnl9J7mFoWSjVR518yZcck5m6eskGy47gaHQ9A==
